
Microsoft Visual Studio Solution File, Format Version 10.00
# Visual Studio 2008
Project("{8BC9CEB8-8B4A-11D0-8D11-00A0C91BC942}") = "Biosphere", "Biosphere\Biosphere.vcproj", "{257938F5-BAC1-4394-BDB8-0B30B649EA26}"
EndProject
Global
	GlobalSection(SolutionConfigurationPlatforms) = preSolution
		Debug|Win32 = Debug|Win32
		Release|Win32 = Release|Win32
	EndGlobalSection
	GlobalSection(ProjectConfigurationPlatforms) = postSolution
		{257938F5-BAC1-4394-BDB8-0B30B649EA26}.Debug|Win32.ActiveCfg = Debug|Win32
		{257938F5-BAC1-4394-BDB8-0B30B649EA26}.Debug|Win32.Build.0 = Debug|Win32
		{257938F5-BAC1-4394-BDB8-0B30B649EA26}.Release|Win32.ActiveCfg = Release|Win32
		{257938F5-BAC1-4394-BDB8-0B30B649EA26}.Release|Win32.Build.0 = Release|Win32
	EndGlobalSection
	GlobalSection(SolutionProperties) = preSolution
		HideSolutionNode = FALSE
	EndGlobalSection
EndGlobal
